
Microsoft Visual Studio Solution File, Format Version 12.00
# Visual Studio Version 17
VisualStudioVersion = 17.10.34607.79
MinimumVisualStudioVersion = 10.0.40219.1
Project("{9A19103F-16F7-4668-BE54-9A1E7A4F7556}") = "TUBESKPL", "TUBESKPL\TUBESKPL.csproj", "{EEAA5DE6-CAF1-45B2-B02D-54534871780E}"
EndProject
Project("{9A19103F-16F7-4668-BE54-9A1E7A4F7556}") = "Menu", "Menu\Menu.csproj", "{C6F5E10A-9051-4FFC-BF72-5BA9D378DB52}"
EndProject
Project("{9A19103F-16F7-4668-BE54-9A1E7A4F7556}") = "UnitTestAddDevices", "UnitTestAddDevices\UnitTestAddDevices.csproj", "{C4807779-96EB-4E3C-ADE9-1C9E37D1AC93}"
EndProject
Project("{FAE04EC0-301F-11D3-BF4B-00C04F79EFBC}") = "GuiCerdik", "GuiCerdik\GuiCerdik.csproj", "{10CDD5B4-B2C8-4EB9-A23C-696CE290372C}"
EndProject
Global
	GlobalSection(SolutionConfigurationPlatforms) = preSolution
		Debug|Any CPU = Debug|Any CPU
		Release|Any CPU = Release|Any CPU
	EndGlobalSection
	GlobalSection(ProjectConfigurationPlatforms) = postSolution
		{EEAA5DE6-CAF1-45B2-B02D-54534871780E}.Debug|Any CPU.ActiveCfg = Debug|Any CPU
		{EEAA5DE6-CAF1-45B2-B02D-54534871780E}.Debug|Any CPU.Build.0 = Debug|Any CPU
		{EEAA5DE6-CAF1-45B2-B02D-54534871780E}.Release|Any CPU.ActiveCfg = Release|Any CPU
		{EEAA5DE6-CAF1-45B2-B02D-54534871780E}.Release|Any CPU.Build.0 = Release|Any CPU
		{C6F5E10A-9051-4FFC-BF72-5BA9D378DB52}.Debug|Any CPU.ActiveCfg = Debug|Any CPU
		{C6F5E10A-9051-4FFC-BF72-5BA9D378DB52}.Debug|Any CPU.Build.0 = Debug|Any CPU
		{C6F5E10A-9051-4FFC-BF72-5BA9D378DB52}.Release|Any CPU.ActiveCfg = Release|Any CPU
		{C6F5E10A-9051-4FFC-BF72-5BA9D378DB52}.Release|Any CPU.Build.0 = Release|Any CPU
		{C4807779-96EB-4E3C-ADE9-1C9E37D1AC93}.Debug|Any CPU.ActiveCfg = Debug|Any CPU
		{C4807779-96EB-4E3C-ADE9-1C9E37D1AC93}.Debug|Any CPU.Build.0 = Debug|Any CPU
		{C4807779-96EB-4E3C-ADE9-1C9E37D1AC93}.Release|Any CPU.ActiveCfg = Release|Any CPU
		{C4807779-96EB-4E3C-ADE9-1C9E37D1AC93}.Release|Any CPU.Build.0 = Release|Any CPU
		{10CDD5B4-B2C8-4EB9-A23C-696CE290372C}.Debug|Any CPU.ActiveCfg = Debug|Any CPU
		{10CDD5B4-B2C8-4EB9-A23C-696CE290372C}.Debug|Any CPU.Build.0 = Debug|Any CPU
		{10CDD5B4-B2C8-4EB9-A23C-696CE290372C}.Release|Any CPU.ActiveCfg = Release|Any CPU
		{10CDD5B4-B2C8-4EB9-A23C-696CE290372C}.Release|Any CPU.Build.0 = Release|Any CPU
	EndGlobalSection
	GlobalSection(SolutionProperties) = preSolution
		HideSolutionNode = FALSE
	EndGlobalSection
	GlobalSection(ExtensibilityGlobals) = postSolution
		SolutionGuid = {429E33F0-DED4-403F-B84D-0B390A8946FA}
	EndGlobalSection
EndGlobal
